
Microsoft Visual Studio Solution File, Format Version 12.00
# Visual Studio Version 17
VisualStudioVersion = 17.4.33205.214
MinimumVisualStudioVersion = 10.0.40219.1
Project("{FAE04EC0-301F-11D3-BF4B-00C04F79EFBC}") = "kalendarzAdwentowy", "kalendarzAdwentowy\kalendarzAdwentowy.csproj", "{74D55F08-63E4-4CC3-9354-C0FF32B2368E}"
EndProject
Global
	GlobalSection(SolutionConfigurationPlatforms) = preSolution
		Debug|Any CPU = Debug|Any CPU
		Release|Any CPU = Release|Any CPU
	EndGlobalSection
	GlobalSection(ProjectConfigurationPlatforms) = postSolution
		{74D55F08-63E4-4CC3-9354-C0FF32B2368E}.Debug|Any CPU.ActiveCfg = Debug|Any CPU
		{74D55F08-63E4-4CC3-9354-C0FF32B2368E}.Debug|Any CPU.Build.0 = Debug|Any CPU
		{74D55F08-63E4-4CC3-9354-C0FF32B2368E}.Release|Any CPU.ActiveCfg = Release|Any CPU
		{74D55F08-63E4-4CC3-9354-C0FF32B2368E}.Release|Any CPU.Build.0 = Release|Any CPU
	EndGlobalSection
	GlobalSection(SolutionProperties) = preSolution
		HideSolutionNode = FALSE
	EndGlobalSection
	GlobalSection(ExtensibilityGlobals) = postSolution
		SolutionGuid = {7521A360-5AD2-48D8-A745-817BF5842239}
	EndGlobalSection
EndGlobal
